
Microsoft Visual Studio Solution File, Format Version 12.00
# Visual Studio Version 16
VisualStudioVersion = 16.0.30907.101
MinimumVisualStudioVersion = 10.0.40219.1
Project("{9A19103F-16F7-4668-BE54-9A1E7A4F7556}") = "c_intro", "c_intro\c_intro.csproj", "{7CD50599-5F1E-4667-86DF-AAF36E634593}"
EndProject
Project("{9A19103F-16F7-4668-BE54-9A1E7A4F7556}") = "Day2Donguler", "donguler\Day2Donguler.csproj", "{E10064F6-E7F9-4D75-8067-B0844E340641}"
EndProject
Project("{9A19103F-16F7-4668-BE54-9A1E7A4F7556}") = "Day2Classintro", "Classintro\Day2Classintro.csproj", "{5AEEC793-B1B8-42F3-A5DA-77F4ED03370C}"
EndProject
Project("{9A19103F-16F7-4668-BE54-9A1E7A4F7556}") = "akaralamadefteri", "karalamadefteri\akaralamadefteri.csproj", "{5173E4F3-927A-4A5A-877B-0E82A282360D}"
EndProject
Project("{9A19103F-16F7-4668-BE54-9A1E7A4F7556}") = "Day2eticaretodev", "eticaretodev\Day2eticaretodev.csproj", "{0245D0DE-18D3-4501-B1C8-1147EA879E38}"
EndProject
Project("{9A19103F-16F7-4668-BE54-9A1E7A4F7556}") = "Day3methodsintro", "methodsintro\Day3methodsintro.csproj", "{FD58C0D4-AF46-402D-BC84-75E24CB2DC68}"
EndProject
Project("{9A19103F-16F7-4668-BE54-9A1E7A4F7556}") = "Day3matematik", "matematik\Day3matematik.csproj", "{B2C8FD45-EE46-4E4F-90F3-613D80D0D613}"
EndProject
Project("{9A19103F-16F7-4668-BE54-9A1E7A4F7556}") = "Day3DegerVeReferansTipler", "DegerVeReferansTipler\Day3DegerVeReferansTipler.csproj", "{6C00565E-418A-489E-B8C9-AF66ADFFB206}"
EndProject
Project("{9A19103F-16F7-4668-BE54-9A1E7A4F7556}") = "Day3MethodsYoutube", "MethodsYoutube\Day3MethodsYoutube.csproj", "{7037F722-D4B8-453E-8AAE-1D2DADE78177}"
EndProject
Project("{9A19103F-16F7-4668-BE54-9A1E7A4F7556}") = "Day4OOP1", "Day4OOP1\Day4OOP1.csproj", "{D25739BA-28F4-44AF-8A50-7B9C377B32FA}"
EndProject
Project("{9A19103F-16F7-4668-BE54-9A1E7A4F7556}") = "Day4Koleksiyonlar", "Day4Koleksiyonlar\Day4Koleksiyonlar.csproj", "{8D79CF2D-0AF8-4975-A205-AE5D446DB967}"
EndProject
Project("{9A19103F-16F7-4668-BE54-9A1E7A4F7556}") = "Day4GenericsIntro", "Day4GenericsIntro\Day4GenericsIntro.csproj", "{2B14303A-5D5A-4B1D-B62B-CF3631E7563F}"
EndProject
Project("{FAE04EC0-301F-11D3-BF4B-00C04F79EFBC}") = "Day4AGAINGenericIntro", "Day4AGAINGenericIntro\Day4AGAINGenericIntro.csproj", "{7B58114C-75AB-4502-9C54-9D034D977B74}"
EndProject
Project("{FAE04EC0-301F-11D3-BF4B-00C04F79EFBC}") = "Day4ReferanceTypesYOUTUBE", "Day4ReferanceTypesYOUTUBE\Day4ReferanceTypesYOUTUBE.csproj", "{3920D40E-3116-4A03-BEE2-31859D27AEAA}"
EndProject
Project("{FAE04EC0-301F-11D3-BF4B-00C04F79EFBC}") = "Day4ConstructorsYoutube", "Day4ConstructorsYoutube\Day4ConstructorsYoutube.csproj", "{ED5EF303-2AEF-4A12-9B26-FF4AC3274844}"
EndProject
Project("{FAE04EC0-301F-11D3-BF4B-00C04F79EFBC}") = "Day4GenericsYoutube", "Day4GenericsYoutube\Day4GenericsYoutube.csproj", "{30FA3DD1-C159-42A1-9552-9327B1592061}"
EndProject
Global
	GlobalSection(SolutionConfigurationPlatforms) = preSolution
		Debug|Any CPU = Debug|Any CPU
		Release|Any CPU = Release|Any CPU
	EndGlobalSection
	GlobalSection(ProjectConfigurationPlatforms) = postSolution
		{7CD50599-5F1E-4667-86DF-AAF36E634593}.Debug|Any CPU.ActiveCfg = Debug|Any CPU
		{7CD50599-5F1E-4667-86DF-AAF36E634593}.Debug|Any CPU.Build.0 = Debug|Any CPU
		{7CD50599-5F1E-4667-86DF-AAF36E634593}.Release|Any CPU.ActiveCfg = Release|Any CPU
		{7CD50599-5F1E-4667-86DF-AAF36E634593}.Release|Any CPU.Build.0 = Release|Any CPU
		{E10064F6-E7F9-4D75-8067-B0844E340641}.Debug|Any CPU.ActiveCfg = Debug|Any CPU
		{E10064F6-E7F9-4D75-8067-B0844E340641}.Debug|Any CPU.Build.0 = Debug|Any CPU
		{E10064F6-E7F9-4D75-8067-B0844E340641}.Release|Any CPU.ActiveCfg = Release|Any CPU
		{E10064F6-E7F9-4D75-8067-B0844E340641}.Release|Any CPU.Build.0 = Release|Any CPU
		{5AEEC793-B1B8-42F3-A5DA-77F4ED03370C}.Debug|Any CPU.ActiveCfg = Debug|Any CPU
		{5AEEC793-B1B8-42F3-A5DA-77F4ED03370C}.Debug|Any CPU.Build.0 = Debug|Any CPU
		{5AEEC793-B1B8-42F3-A5DA-77F4ED03370C}.Release|Any CPU.ActiveCfg = Release|Any CPU
		{5AEEC793-B1B8-42F3-A5DA-77F4ED03370C}.Release|Any CPU.Build.0 = Release|Any CPU
		{5173E4F3-927A-4A5A-877B-0E82A282360D}.Debug|Any CPU.ActiveCfg = Debug|Any CPU
		{5173E4F3-927A-4A5A-877B-0E82A282360D}.Debug|Any CPU.Build.0 = Debug|Any CPU
		{5173E4F3-927A-4A5A-877B-0E82A282360D}.Release|Any CPU.ActiveCfg = Release|Any CPU
		{5173E4F3-927A-4A5A-877B-0E82A282360D}.Release|Any CPU.Build.0 = Release|Any CPU
		{0245D0DE-18D3-4501-B1C8-1147EA879E38}.Debug|Any CPU.ActiveCfg = Debug|Any CPU
		{0245D0DE-18D3-4501-B1C8-1147EA879E38}.Debug|Any CPU.Build.0 = Debug|Any CPU
		{0245D0DE-18D3-4501-B1C8-1147EA879E38}.Release|Any CPU.ActiveCfg = Release|Any CPU
		{0245D0DE-18D3-4501-B1C8-1147EA879E38}.Release|Any CPU.Build.0 = Release|Any CPU
		{FD58C0D4-AF46-402D-BC84-75E24CB2DC68}.Debug|Any CPU.ActiveCfg = Debug|Any CPU
		{FD58C0D4-AF46-402D-BC84-75E24CB2DC68}.Debug|Any CPU.Build.0 = Debug|Any CPU
		{FD58C0D4-AF46-402D-BC84-75E24CB2DC68}.Release|Any CPU.ActiveCfg = Release|Any CPU
		{FD58C0D4-AF46-402D-BC84-75E24CB2DC68}.Release|Any CPU.Build.0 = Release|Any CPU
		{B2C8FD45-EE46-4E4F-90F3-613D80D0D613}.Debug|Any CPU.ActiveCfg = Debug|Any CPU
		{B2C8FD45-EE46-4E4F-90F3-613D80D0D613}.Debug|Any CPU.Build.0 = Debug|Any CPU
		{B2C8FD45-EE46-4E4F-90F3-613D80D0D613}.Release|Any CPU.ActiveCfg = Release|Any CPU
		{B2C8FD45-EE46-4E4F-90F3-613D80D0D613}.Release|Any CPU.Build.0 = Release|Any CPU
		{6C00565E-418A-489E-B8C9-AF66ADFFB206}.Debug|Any CPU.ActiveCfg = Debug|Any CPU
		{6C00565E-418A-489E-B8C9-AF66ADFFB206}.Debug|Any CPU.Build.0 = Debug|Any CPU
		{6C00565E-418A-489E-B8C9-AF66ADFFB206}.Release|Any CPU.ActiveCfg = Release|Any CPU
		{6C00565E-418A-489E-B8C9-AF66ADFFB206}.Release|Any CPU.Build.0 = Release|Any CPU
		{7037F722-D4B8-453E-8AAE-1D2DADE78177}.Debug|Any CPU.ActiveCfg = Debug|Any CPU
		{7037F722-D4B8-453E-8AAE-1D2DADE78177}.Debug|Any CPU.Build.0 = Debug|Any CPU
		{7037F722-D4B8-453E-8AAE-1D2DADE78177}.Release|Any CPU.ActiveCfg = Release|Any CPU
		{7037F722-D4B8-453E-8AAE-1D2DADE78177}.Release|Any CPU.Build.0 = Release|Any CPU
		{D25739BA-28F4-44AF-8A50-7B9C377B32FA}.Debug|Any CPU.ActiveCfg = Debug|Any CPU
		{D25739BA-28F4-44AF-8A50-7B9C377B32FA}.Debug|Any CPU.Build.0 = Debug|Any CPU
		{D25739BA-28F4-44AF-8A50-7B9C377B32FA}.Release|Any CPU.ActiveCfg = Release|Any CPU
		{D25739BA-28F4-44AF-8A50-7B9C377B32FA}.Release|Any CPU.Build.0 = Release|Any CPU
		{8D79CF2D-0AF8-4975-A205-AE5D446DB967}.Debug|Any CPU.ActiveCfg = Debug|Any CPU
		{8D79CF2D-0AF8-4975-A205-AE5D446DB967}.Debug|Any CPU.Build.0 = Debug|Any CPU
		{8D79CF2D-0AF8-4975-A205-AE5D446DB967}.Release|Any CPU.ActiveCfg = Release|Any CPU
		{8D79CF2D-0AF8-4975-A205-AE5D446DB967}.Release|Any CPU.Build.0 = Release|Any CPU
		{2B14303A-5D5A-4B1D-B62B-CF3631E7563F}.Debug|Any CPU.ActiveCfg = Debug|Any CPU
		{2B14303A-5D5A-4B1D-B62B-CF3631E7563F}.Debug|Any CPU.Build.0 = Debug|Any CPU
		{2B14303A-5D5A-4B1D-B62B-CF3631E7563F}.Release|Any CPU.ActiveCfg = Release|Any CPU
		{2B14303A-5D5A-4B1D-B62B-CF3631E7563F}.Release|Any CPU.Build.0 = Release|Any CPU
		{7B58114C-75AB-4502-9C54-9D034D977B74}.Debug|Any CPU.ActiveCfg = Debug|Any CPU
		{7B58114C-75AB-4502-9C54-9D034D977B74}.Debug|Any CPU.Build.0 = Debug|Any CPU
		{7B58114C-75AB-4502-9C54-9D034D977B74}.Release|Any CPU.ActiveCfg = Release|Any CPU
		{7B58114C-75AB-4502-9C54-9D034D977B74}.Release|Any CPU.Build.0 = Release|Any CPU
		{3920D40E-3116-4A03-BEE2-31859D27AEAA}.Debug|Any CPU.ActiveCfg = Debug|Any CPU
		{3920D40E-3116-4A03-BEE2-31859D27AEAA}.Debug|Any CPU.Build.0 = Debug|Any CPU
		{3920D40E-3116-4A03-BEE2-31859D27AEAA}.Release|Any CPU.ActiveCfg = Release|Any CPU
		{3920D40E-3116-4A03-BEE2-31859D27AEAA}.Release|Any CPU.Build.0 = Release|Any CPU
		{ED5EF303-2AEF-4A12-9B26-FF4AC3274844}.Debug|Any CPU.ActiveCfg = Debug|Any CPU
		{ED5EF303-2AEF-4A12-9B26-FF4AC3274844}.Debug|Any CPU.Build.0 = Debug|Any CPU
		{ED5EF303-2AEF-4A12-9B26-FF4AC3274844}.Release|Any CPU.ActiveCfg = Release|Any CPU
		{ED5EF303-2AEF-4A12-9B26-FF4AC3274844}.Release|Any CPU.Build.0 = Release|Any CPU
		{30FA3DD1-C159-42A1-9552-9327B1592061}.Debug|Any CPU.ActiveCfg = Debug|Any CPU
		{30FA3DD1-C159-42A1-9552-9327B1592061}.Debug|Any CPU.Build.0 = Debug|Any CPU
		{30FA3DD1-C159-42A1-9552-9327B1592061}.Release|Any CPU.ActiveCfg = Release|Any CPU
		{30FA3DD1-C159-42A1-9552-9327B1592061}.Release|Any CPU.Build.0 = Release|Any CPU
	EndGlobalSection
	GlobalSection(SolutionProperties) = preSolution
		HideSolutionNode = FALSE
	EndGlobalSection
	GlobalSection(ExtensibilityGlobals) = postSolution
		SolutionGuid = {28AF29A1-53E1-465A-9FBA-8D6354DBB908}
	EndGlobalSection
EndGlobal
